
Microsoft Visual Studio Solution File, Format Version 12.00
# Visual Studio Version 17
VisualStudioVersion = 17.7.34031.279
MinimumVisualStudioVersion = 10.0.40219.1
Project("{FAE04EC0-301F-11D3-BF4B-00C04F79EFBC}") = "HolaMundoASPNET", "HolaMundoASPNET\HolaMundoASPNET.csproj", "{58E98AB8-04CA-41D1-BF94-FBDE1CB9D398}"
EndProject
Global
	GlobalSection(SolutionConfigurationPlatforms) = preSolution
		Debug|Any CPU = Debug|Any CPU
		Release|Any CPU = Release|Any CPU
	EndGlobalSection
	GlobalSection(ProjectConfigurationPlatforms) = postSolution
		{58E98AB8-04CA-41D1-BF94-FBDE1CB9D398}.Debug|Any CPU.ActiveCfg = Debug|Any CPU
		{58E98AB8-04CA-41D1-BF94-FBDE1CB9D398}.Debug|Any CPU.Build.0 = Debug|Any CPU
		{58E98AB8-04CA-41D1-BF94-FBDE1CB9D398}.Release|Any CPU.ActiveCfg = Release|Any CPU
		{58E98AB8-04CA-41D1-BF94-FBDE1CB9D398}.Release|Any CPU.Build.0 = Release|Any CPU
	EndGlobalSection
	GlobalSection(SolutionProperties) = preSolution
		HideSolutionNode = FALSE
	EndGlobalSection
	GlobalSection(ExtensibilityGlobals) = postSolution
		SolutionGuid = {1CF3D042-F685-4F94-B7E8-73AC5B4C59DA}
	EndGlobalSection
EndGlobal
